// !$*UTF8*$!
{
	archiveVersion = 1;
	classes = {
	};
	objectVersion = 50;
	objects = {

/* Begin PBXBuildFile section */
		53F3A96C25E9330F00D5478F /* AppDelegate.swift in Sources */ = {isa = PBXBuildFile; fileRef = 53F3A96B25E9330F00D5478F /* AppDelegate.swift */; };
		53F3A96E25E9330F00D5478F /* SceneDelegate.swift in Sources */ = {isa = PBXBuildFile; fileRef = 53F3A96D25E9330F00D5478F /* SceneDelegate.swift */; };
		53F3A97025E9330F00D5478F /* ViewController.swift in Sources */ = {isa = PBXBuildFile; fileRef = 53F3A96F25E9330F00D5478F /* ViewController.swift */; };
		53F3A97325E9330F00D5478F /* Main.storyboard in Resources */ = {isa = PBXBuildFile; fileRef = 53F3A97125E9330F00D5478F /* Main.storyboard */; };
		53F3A97525E9331000D5478F /* Assets.xcassets in Resources */ = {isa = PBXBuildFile; fileRef = 53F3A97425E9331000D5478F /* Assets.xcassets */; };
		53F3A97825E9331000D5478F /* LaunchScreen.storyboard in Resources */ = {isa = PBXBuildFile; fileRef = 53F3A97625E9331000D5478F /* LaunchScreen.storyboard */; };
		53F3A98A25E934F000D5478F /* MainTabController.swift in Sources */ = {isa = PBXBuildFile; fileRef = 53F3A98925E934F000D5478F /* MainTabController.swift */; };
		53F3A98D25E9379F00D5478F /* FeedController.swift in Sources */ = {isa = PBXBuildFile; fileRef = 53F3A98C25E9379F00D5478F /* FeedController.swift */; };
		53F3A99025E937B400D5478F /* SearchController.swift in Sources */ = {isa = PBXBuildFile; fileRef = 53F3A98F25E937B400D5478F /* SearchController.swift */; };
		53F3A99325E937C600D5478F /* ImageSelectController.swift in Sources */ = {isa = PBXBuildFile; fileRef = 53F3A99225E937C600D5478F /* ImageSelectController.swift */; };
		53F3A99625E937E000D5478F /* NotificationController.swift in Sources */ = {isa = PBXBuildFile; fileRef = 53F3A99525E937E000D5478F /* NotificationController.swift */; };
		53F3A99925E937F300D5478F /* ProfileController.swift in Sources */ = {isa = PBXBuildFile; fileRef = 53F3A99825E937F300D5478F /* ProfileController.swift */; };
		53FE8DE725E9D55F0023325E /* FeedCell.swift in Sources */ = {isa = PBXBuildFile; fileRef = 53FE8DE625E9D55F0023325E /* FeedCell.swift */; };
		53FE8DEA25E9DA670023325E /* Extension.swift in Sources */ = {isa = PBXBuildFile; fileRef = 53FE8DE925E9DA670023325E /* Extension.swift */; };
/* End PBXBuildFile section */

/* Begin PBXFileReference section */
		53F3A96825E9330F00D5478F /* Instagram_MVVM.app */ = {isa = PBXFileReference; explicitFileType = wrapper.application; includeInIndex = 0; path = Instagram_MVVM.app; sourceTree = BUILT_PRODUCTS_DIR; };
		53F3A96B25E9330F00D5478F /* AppDelegate.swift */ = {isa = PBXFileReference; lastKnownFileType = sourcecode.swift; path = AppDelegate.swift; sourceTree = "<group>"; };
		53F3A96D25E9330F00D5478F /* SceneDelegate.swift */ = {isa = PBXFileReference; lastKnownFileType = sourcecode.swift; path = SceneDelegate.swift; sourceTree = "<group>"; };
		53F3A96F25E9330F00D5478F /* ViewController.swift */ = {isa = PBXFileReference; lastKnownFileType = sourcecode.swift; path = ViewController.swift; sourceTree = "<group>"; };
		53F3A97225E9330F00D5478F /* Base */ = {isa = PBXFileReference; lastKnownFileType = file.storyboard; name = Base; path = Base.lproj/Main.storyboard; sourceTree = "<group>"; };
		53F3A97425E9331000D5478F /* Assets.xcassets */ = {isa = PBXFileReference; lastKnownFileType = folder.assetcatalog; path = Assets.xcassets; sourceTree = "<group>"; };
		53F3A97725E9331000D5478F /* Base */ = {isa = PBXFileReference; lastKnownFileType = file.storyboard; name = Base; path = Base.lproj/LaunchScreen.storyboard; sourceTree = "<group>"; };
		53F3A97925E9331000D5478F /* Info.plist */ = {isa = PBXFileReference; lastKnownFileType = text.plist.xml; path = Info.plist; sourceTree = "<group>"; };
		53F3A98925E934F000D5478F /* MainTabController.swift */ = {isa = PBXFileReference; lastKnownFileType = sourcecode.swift; path = MainTabController.swift; sourceTree = "<group>"; };
		53F3A98C25E9379F00D5478F /* FeedController.swift */ = {isa = PBXFileReference; lastKnownFileType = sourcecode.swift; path = FeedController.swift; sourceTree = "<group>"; };
		53F3A98F25E937B400D5478F /* SearchController.swift */ = {isa = PBXFileReference; lastKnownFileType = sourcecode.swift; path = SearchController.swift; sourceTree = "<group>"; };
		53F3A99225E937C600D5478F /* ImageSelectController.swift */ = {isa = PBXFileReference; lastKnownFileType = sourcecode.swift; path = ImageSelectController.swift; sourceTree = "<group>"; };
		53F3A99525E937E000D5478F /* NotificationController.swift */ = {isa = PBXFileReference; lastKnownFileType = sourcecode.swift; path = NotificationController.swift; sourceTree = "<group>"; };
		53F3A99825E937F300D5478F /* ProfileController.swift */ = {isa = PBXFileReference; lastKnownFileType = sourcecode.swift; path = ProfileController.swift; sourceTree = "<group>"; };
		53FE8DE625E9D55F0023325E /* FeedCell.swift */ = {isa = PBXFileReference; lastKnownFileType = sourcecode.swift; path = FeedCell.swift; sourceTree = "<group>"; };
		53FE8DE925E9DA670023325E /* Extension.swift */ = {isa = PBXFileReference; lastKnownFileType = sourcecode.swift; path = Extension.swift; sourceTree = "<group>"; };
/* End PBXFileReference section */

/* Begin PBXFrameworksBuildPhase section */
		53F3A96525E9330F00D5478F /* Frameworks */ = {
			isa = PBXFrameworksBuildPhase;
			buildActionMask = 2147483647;
			files = (
			);
			runOnlyForDeploymentPostprocessing = 0;
		};
/* End PBXFrameworksBuildPhase section */

/* Begin PBXGroup section */
		53F3A95F25E9330F00D5478F = {
			isa = PBXGroup;
			children = (
				53F3A96A25E9330F00D5478F /* Instagram_MVVM */,
				53F3A96925E9330F00D5478F /* Products */,
			);
			sourceTree = "<group>";
		};
		53F3A96925E9330F00D5478F /* Products */ = {
			isa = PBXGroup;
			children = (
				53F3A96825E9330F00D5478F /* Instagram_MVVM.app */,
			);
			name = Products;
			sourceTree = "<group>";
		};
		53F3A96A25E9330F00D5478F /* Instagram_MVVM */ = {
			isa = PBXGroup;
			children = (
				53FE8DEC25E9DA6E0023325E /* Utilities */,
				53F3A98325E9346400D5478F /* Controller */,
				53F3A98225E9345800D5478F /* ViewModel */,
				53F3A98125E9344900D5478F /* View */,
				53F3A98025E9343D00D5478F /* Model */,
				53F3A96B25E9330F00D5478F /* AppDelegate.swift */,
				53F3A96D25E9330F00D5478F /* SceneDelegate.swift */,
				53F3A96F25E9330F00D5478F /* ViewController.swift */,
				53F3A97125E9330F00D5478F /* Main.storyboard */,
				53F3A97425E9331000D5478F /* Assets.xcassets */,
				53F3A97625E9331000D5478F /* LaunchScreen.storyboard */,
				53F3A97925E9331000D5478F /* Info.plist */,
			);
			path = Instagram_MVVM;
			sourceTree = "<group>";
		};
		53F3A98025E9343D00D5478F /* Model */ = {
			isa = PBXGroup;
			children = (
			);
			path = Model;
			sourceTree = "<group>";
		};
		53F3A98125E9344900D5478F /* View */ = {
			isa = PBXGroup;
			children = (
				53FE8DE625E9D55F0023325E /* FeedCell.swift */,
			);
			path = View;
			sourceTree = "<group>";
		};
		53F3A98225E9345800D5478F /* ViewModel */ = {
			isa = PBXGroup;
			children = (
			);
			path = ViewModel;
			sourceTree = "<group>";
		};
		53F3A98325E9346400D5478F /* Controller */ = {
			isa = PBXGroup;
			children = (
				53F3A98925E934F000D5478F /* MainTabController.swift */,
				53F3A98C25E9379F00D5478F /* FeedController.swift */,
				53F3A98F25E937B400D5478F /* SearchController.swift */,
				53F3A99225E937C600D5478F /* ImageSelectController.swift */,
				53F3A99525E937E000D5478F /* NotificationController.swift */,
				53F3A99825E937F300D5478F /* ProfileController.swift */,
			);
			path = Controller;
			sourceTree = "<group>";
		};
		53FE8DEC25E9DA6E0023325E /* Utilities */ = {
			isa = PBXGroup;
			children = (
				53FE8DE925E9DA670023325E /* Extension.swift */,
			);
			path = Utilities;
			sourceTree = "<group>";
		};
/* End PBXGroup section */

/* Begin PBXNativeTarget section */
		53F3A96725E9330F00D5478F /* Instagram_MVVM */ = {
			isa = PBXNativeTarget;
			buildConfigurationList = 53F3A97C25E9331000D5478F /* Build configuration list for PBXNativeTarget "Instagram_MVVM" */;
			buildPhases = (
				53F3A96425E9330F00D5478F /* Sources */,
				53F3A96525E9330F00D5478F /* Frameworks */,
				53F3A96625E9330F00D5478F /* Resources */,
			);
			buildRules = (
			);
			dependencies = (
			);
			name = Instagram_MVVM;
			productName = Instagram_MVVM;
			productReference = 53F3A96825E9330F00D5478F /* Instagram_MVVM.app */;
			productType = "com.apple.product-type.application";
		};
/* End PBXNativeTarget section */

/* Begin PBXProject section */
		53F3A96025E9330F00D5478F /* Project object */ = {
			isa = PBXProject;
			attributes = {
				LastSwiftUpdateCheck = 1240;
				LastUpgradeCheck = 1240;
				TargetAttributes = {
					53F3A96725E9330F00D5478F = {
						CreatedOnToolsVersion = 12.4;
					};
				};
			};
			buildConfigurationList = 53F3A96325E9330F00D5478F /* Build configuration list for PBXProject "Instagram_MVVM" */;
			compatibilityVersion = "Xcode 9.3";
			developmentRegion = en;
			hasScannedForEncodings = 0;
			knownRegions = (
				en,
				Base,
			);
			mainGroup = 53F3A95F25E9330F00D5478F;
			productRefGroup = 53F3A96925E9330F00D5478F /* Products */;
			projectDirPath = "";
			projectRoot = "";
			targets = (
				53F3A96725E9330F00D5478F /* Instagram_MVVM */,
			);
		};
/* End PBXProject section */

/* Begin PBXResourcesBuildPhase section */
		53F3A96625E9330F00D5478F /* Resources */ = {
			isa = PBXResourcesBuildPhase;
			buildActionMask = 2147483647;
			files = (
				53F3A97825E9331000D5478F /* LaunchScreen.storyboard in Resources */,
				53F3A97525E9331000D5478F /* Assets.xcassets in Resources */,
				53F3A97325E9330F00D5478F /* Main.storyboard in Resources */,
			);
			runOnlyForDeploymentPostprocessing = 0;
		};
/* End PBXResourcesBuildPhase section */

/* Begin PBXSourcesBuildPhase section */
		53F3A96425E9330F00D5478F /* Sources */ = {
			isa = PBXSourcesBuildPhase;
			buildActionMask = 2147483647;
			files = (
				53F3A97025E9330F00D5478F /* ViewController.swift in Sources */,
				53FE8DE725E9D55F0023325E /* FeedCell.swift in Sources */,
				53F3A99025E937B400D5478F /* SearchController.swift in Sources */,
				53F3A99625E937E000D5478F /* NotificationController.swift in Sources */,
				53FE8DEA25E9DA670023325E /* Extension.swift in Sources */,
				53F3A96C25E9330F00D5478F /* AppDelegate.swift in Sources */,
				53F3A98D25E9379F00D5478F /* FeedController.swift in Sources */,
				53F3A99925E937F300D5478F /* ProfileController.swift in Sources */,
				53F3A99325E937C600D5478F /* ImageSelectController.swift in Sources */,
				53F3A98A25E934F000D5478F /* MainTabController.swift in Sources */,
				53F3A96E25E9330F00D5478F /* SceneDelegate.swift in Sources */,
			);
			runOnlyForDeploymentPostprocessing = 0;
		};
/* End PBXSourcesBuildPhase section */

/* Begin PBXVariantGroup section */
		53F3A97125E9330F00D5478F /* Main.storyboard */ = {
			isa = PBXVariantGroup;
			children = (
				53F3A97225E9330F00D5478F /* Base */,
			);
			name = Main.storyboard;
			sourceTree = "<group>";
		};
		53F3A97625E9331000D5478F /* LaunchScreen.storyboard */ = {
			isa = PBXVariantGroup;
			children = (
				53F3A97725E9331000D5478F /* Base */,
			);
			name = LaunchScreen.storyboard;
			sourceTree = "<group>";
		};
/* End PBXVariantGroup section */

/* Begin XCBuildConfiguration section */
		53F3A97A25E9331000D5478F /* Debug */ = {
			isa = XCBuildConfiguration;
			buildSettings = {
				ALWAYS_SEARCH_USER_PATHS = NO;
				CLANG_ANALYZER_NONNULL = YES;
				CLANG_ANALYZER_NUMBER_OBJECT_CONVERSION = YES_AGGRESSIVE;
				CLANG_CXX_LANGUAGE_STANDARD = "gnu++14";
				CLANG_CXX_LIBRARY = "libc++";
				CLANG_ENABLE_MODULES = YES;
				CLANG_ENABLE_OBJC_ARC = YES;
				CLANG_ENABLE_OBJC_WEAK = YES;
				CLANG_WARN_BLOCK_CAPTURE_AUTORELEASING = YES;
				CLANG_WARN_BOOL_CONVERSION = YES;
				CLANG_WARN_COMMA = YES;
				CLANG_WARN_CONSTANT_CONVERSION = YES;
				CLANG_WARN_DEPRECATED_OBJC_IMPLEMENTATIONS = YES;
				CLANG_WARN_DIRECT_OBJC_ISA_USAGE = YES_ERROR;
				CLANG_WARN_DOCUMENTATION_COMMENTS = YES;
				CLANG_WARN_EMPTY_BODY = YES;
				CLANG_WARN_ENUM_CONVERSION = YES;
				CLANG_WARN_INFINITE_RECURSION = YES;
				CLANG_WARN_INT_CONVERSION = YES;
				CLANG_WARN_NON_LITERAL_NULL_CONVERSION = YES;
				CLANG_WARN_OBJC_IMPLICIT_RETAIN_SELF = YES;
				CLANG_WARN_OBJC_LITERAL_CONVERSION = YES;
				CLANG_WARN_OBJC_ROOT_CLASS = YES_ERROR;
				CLANG_WARN_QUOTED_INCLUDE_IN_FRAMEWORK_HEADER = YES;
				CLANG_WARN_RANGE_LOOP_ANALYSIS = YES;
				CLANG_WARN_STRICT_PROTOTYPES = YES;
				CLANG_WARN_SUSPICIOUS_MOVE = YES;
				CLANG_WARN_UNGUARDED_AVAILABILITY = YES_AGGRESSIVE;
				CLANG_WARN_UNREACHABLE_CODE = YES;
				CLANG_WARN__DUPLICATE_METHOD_MATCH = YES;
				COPY_PHASE_STRIP = NO;
				DEBUG_INFORMATION_FORMAT = dwarf;
				ENABLE_STRICT_OBJC_MSGSEND = YES;
				ENABLE_TESTABILITY = YES;
				GCC_C_LANGUAGE_STANDARD = gnu11;
				GCC_DYNAMIC_NO_PIC = NO;
				GCC_NO_COMMON_BLOCKS = YES;
				GCC_OPTIMIZATION_LEVEL = 0;
				GCC_PREPROCESSOR_DEFINITIONS = (
					"DEBUG=1",
					"$(inherited)",
				);
				GCC_WARN_64_TO_32_BIT_CONVERSION = YES;
				GCC_WARN_ABOUT_RETURN_TYPE = YES_ERROR;
				GCC_WARN_UNDECLARED_SELECTOR = YES;
				GCC_WARN_UNINITIALIZED_AUTOS = YES_AGGRESSIVE;
				GCC_WARN_UNUSED_FUNCTION = YES;
				GCC_WARN_UNUSED_VARIABLE = YES;
				IPHONEOS_DEPLOYMENT_TARGET = 14.4;
				MTL_ENABLE_DEBUG_INFO = INCLUDE_SOURCE;
				MTL_FAST_MATH = YES;
				ONLY_ACTIVE_ARCH = YES;
				SDKROOT = iphoneos;
				SWIFT_ACTIVE_COMPILATION_CONDITIONS = DEBUG;
				SWIFT_OPTIMIZATION_LEVEL = "-Onone";
			};
			name = Debug;
		};
		53F3A97B25E9331000D5478F /* Release */ = {
			isa = XCBuildConfiguration;
			buildSettings = {
				ALWAYS_SEARCH_USER_PATHS = NO;
				CLANG_ANALYZER_NONNULL = YES;
				CLANG_ANALYZER_NUMBER_OBJECT_CONVERSION = YES_AGGRESSIVE;
				CLANG_CXX_LANGUAGE_STANDARD = "gnu++14";
				CLANG_CXX_LIBRARY = "libc++";
				CLANG_ENABLE_MODULES = YES;
				CLANG_ENABLE_OBJC_ARC = YES;
				CLANG_ENABLE_OBJC_WEAK = YES;
				CLANG_WARN_BLOCK_CAPTURE_AUTORELEASING = YES;
				CLANG_WARN_BOOL_CONVERSION = YES;
				CLANG_WARN_COMMA = YES;
				CLANG_WARN_CONSTANT_CONVERSION = YES;
				CLANG_WARN_DEPRECATED_OBJC_IMPLEMENTATIONS = YES;
				CLANG_WARN_DIRECT_OBJC_ISA_USAGE = YES_ERROR;
				CLANG_WARN_DOCUMENTATION_COMMENTS = YES;
				CLANG_WARN_EMPTY_BODY = YES;
				CLANG_WARN_ENUM_CONVERSION = YES;
				CLANG_WARN_INFINITE_RECURSION = YES;
				CLANG_WARN_INT_CONVERSION = YES;
				CLANG_WARN_NON_LITERAL_NULL_CONVERSION = YES;
				CLANG_WARN_OBJC_IMPLICIT_RETAIN_SELF = YES;
				CLANG_WARN_OBJC_LITERAL_CONVERSION = YES;
				CLANG_WARN_OBJC_ROOT_CLASS = YES_ERROR;
				CLANG_WARN_QUOTED_INCLUDE_IN_FRAMEWORK_HEADER = YES;
				CLANG_WARN_RANGE_LOOP_ANALYSIS = YES;
				CLANG_WARN_STRICT_PROTOTYPES = YES;
				CLANG_WARN_SUSPICIOUS_MOVE = YES;
				CLANG_WARN_UNGUARDED_AVAILABILITY = YES_AGGRESSIVE;
				CLANG_WARN_UNREACHABLE_CODE = YES;
				CLANG_WARN__DUPLICATE_METHOD_MATCH = YES;
				COPY_PHASE_STRIP = NO;
				DEBUG_INFORMATION_FORMAT = "dwarf-with-dsym";
				ENABLE_NS_ASSERTIONS = NO;
				ENABLE_STRICT_OBJC_MSGSEND = YES;
				GCC_C_LANGUAGE_STANDARD = gnu11;
				GCC_NO_COMMON_BLOCKS = YES;
				GCC_WARN_64_TO_32_BIT_CONVERSION = YES;
				GCC_WARN_ABOUT_RETURN_TYPE = YES_ERROR;
				GCC_WARN_UNDECLARED_SELECTOR = YES;
				GCC_WARN_UNINITIALIZED_AUTOS = YES_AGGRESSIVE;
				GCC_WARN_UNUSED_FUNCTION = YES;
				GCC_WARN_UNUSED_VARIABLE = YES;
				IPHONEOS_DEPLOYMENT_TARGET = 14.4;
				MTL_ENABLE_DEBUG_INFO = NO;
				MTL_FAST_MATH = YES;
				SDKROOT = iphoneos;
				SWIFT_COMPILATION_MODE = wholemodule;
				SWIFT_OPTIMIZATION_LEVEL = "-O";
				VALIDATE_PRODUCT = YES;
			};
			name = Release;
		};
		53F3A97D25E9331000D5478F /* Debug */ = {
			isa = XCBuildConfiguration;
			buildSettings = {
				ASSETCATALOG_COMPILER_APPICON_NAME = AppIcon;
				ASSETCATALOG_COMPILER_GLOBAL_ACCENT_COLOR_NAME = AccentColor;
				CODE_SIGN_STYLE = Automatic;
				DEVELOPMENT_TEAM = RRJMKAXD2H;
				INFOPLIST_FILE = Instagram_MVVM/Info.plist;
				LD_RUNPATH_SEARCH_PATHS = (
					"$(inherited)",
					"@executable_path/Frameworks",
				);
				PRODUCT_BUNDLE_IDENTIFIER = "com.nhatlongtien.Instagram-MVVM";
				PRODUCT_NAME = "$(TARGET_NAME)";
				SWIFT_VERSION = 5.0;
				TARGETED_DEVICE_FAMILY = "1,2";
			};
			name = Debug;
		};
		53F3A97E25E9331000D5478F /* Release */ = {
			isa = XCBuildConfiguration;
			buildSettings = {
				ASSETCATALOG_COMPILER_APPICON_NAME = AppIcon;
				ASSETCATALOG_COMPILER_GLOBAL_ACCENT_COLOR_NAME = AccentColor;
				CODE_SIGN_STYLE = Automatic;
				DEVELOPMENT_TEAM = RRJMKAXD2H;
				INFOPLIST_FILE = Instagram_MVVM/Info.plist;
				LD_RUNPATH_SEARCH_PATHS = (
					"$(inherited)",
					"@executable_path/Frameworks",
				);
				PRODUCT_BUNDLE_IDENTIFIER = "com.nhatlongtien.Instagram-MVVM";
				PRODUCT_NAME = "$(TARGET_NAME)";
				SWIFT_VERSION = 5.0;
				TARGETED_DEVICE_FAMILY = "1,2";
			};
			name = Release;
		};
/* End XCBuildConfiguration section */

/* Begin XCConfigurationList section */
		53F3A96325E9330F00D5478F /* Build configuration list for PBXProject "Instagram_MVVM" */ = {
			isa = XCConfigurationList;
			buildConfigurations = (
				53F3A97A25E9331000D5478F /* Debug */,
				53F3A97B25E9331000D5478F /* Release */,
			);
			defaultConfigurationIsVisible = 0;
			defaultConfigurationName = Release;
		};
		53F3A97C25E9331000D5478F /* Build configuration list for PBXNativeTarget "Instagram_MVVM" */ = {
			isa = XCConfigurationList;
			buildConfigurations = (
				53F3A97D25E9331000D5478F /* Debug */,
				53F3A97E25E9331000D5478F /* Release */,
			);
			defaultConfigurationIsVisible = 0;
			defaultConfigurationName = Release;
		};
/* End XCConfigurationList section */
	};
	rootObject = 53F3A96025E9330F00D5478F /* Project object */;
}
